// !$*UTF8*$!
{
	archiveVersion = 1;
	classes = {
	};
	objectVersion = 56;
	objects = {

/* Begin PBXBuildFile section */
		25A5F51B2B1AC86300359325 /* PartyExplorerApp.swift in Sources */ = {isa = PBXBuildFile; fileRef = 25A5F51A2B1AC86300359325 /* PartyExplorerApp.swift */; };
		25A5F51D2B1AC86300359325 /* PoppinView.swift in Sources */ = {isa = PBXBuildFile; fileRef = 25A5F51C2B1AC86300359325 /* PoppinView.swift */; };
		25A5F51F2B1AC86500359325 /* Assets.xcassets in Resources */ = {isa = PBXBuildFile; fileRef = 25A5F51E2B1AC86500359325 /* Assets.xcassets */; };
		25A5F5222B1AC86500359325 /* Preview Assets.xcassets in Resources */ = {isa = PBXBuildFile; fileRef = 25A5F5212B1AC86500359325 /* Preview Assets.xcassets */; };
		25A5F52C2B1AC86500359325 /* PartyExplorerTests.swift in Sources */ = {isa = PBXBuildFile; fileRef = 25A5F52B2B1AC86500359325 /* PartyExplorerTests.swift */; };
		25A5F5362B1AC86500359325 /* PartyExplorerUITests.swift in Sources */ = {isa = PBXBuildFile; fileRef = 25A5F5352B1AC86500359325 /* PartyExplorerUITests.swift */; };
		25A5F5382B1AC86500359325 /* PartyExplorerUITestsLaunchTests.swift in Sources */ = {isa = PBXBuildFile; fileRef = 25A5F5372B1AC86500359325 /* PartyExplorerUITestsLaunchTests.swift */; };
		25A5F5492B1ACA0100359325 /* Party.swift in Sources */ = {isa = PBXBuildFile; fileRef = 25A5F5482B1ACA0100359325 /* Party.swift */; };
		25A5F54B2B1ACA8C00359325 /* PoppinViewModel.swift in Sources */ = {isa = PBXBuildFile; fileRef = 25A5F54A2B1ACA8C00359325 /* PoppinViewModel.swift */; };
		25A5F54D2B1ACF9600359325 /* PartyViewCard.swift in Sources */ = {isa = PBXBuildFile; fileRef = 25A5F54C2B1ACF9600359325 /* PartyViewCard.swift */; };
		25A5F54F2B1AD0C100359325 /* PartyBannerView.swift in Sources */ = {isa = PBXBuildFile; fileRef = 25A5F54E2B1AD0C100359325 /* PartyBannerView.swift */; };
/* End PBXBuildFile section */

/* Begin PBXContainerItemProxy section */
		25A5F5282B1AC86500359325 /* PBXContainerItemProxy */ = {
			isa = PBXContainerItemProxy;
			containerPortal = 25A5F50F2B1AC86300359325 /* Project object */;
			proxyType = 1;
			remoteGlobalIDString = 25A5F5162B1AC86300359325;
			remoteInfo = PartyExplorer;
		};
		25A5F5322B1AC86500359325 /* PBXContainerItemProxy */ = {
			isa = PBXContainerItemProxy;
			containerPortal = 25A5F50F2B1AC86300359325 /* Project object */;
			proxyType = 1;
			remoteGlobalIDString = 25A5F5162B1AC86300359325;
			remoteInfo = PartyExplorer;
		};
/* End PBXContainerItemProxy section */

/* Begin PBXFileReference section */
		25A5F5172B1AC86300359325 /* PartyExplorer.app */ = {isa = PBXFileReference; explicitFileType = wrapper.application; includeInIndex = 0; path = PartyExplorer.app; sourceTree = BUILT_PRODUCTS_DIR; };
		25A5F51A2B1AC86300359325 /* PartyExplorerApp.swift */ = {isa = PBXFileReference; lastKnownFileType = sourcecode.swift; path = PartyExplorerApp.swift; sourceTree = "<group>"; };
		25A5F51C2B1AC86300359325 /* PoppinView.swift */ = {isa = PBXFileReference; lastKnownFileType = sourcecode.swift; path = PoppinView.swift; sourceTree = "<group>"; };
		25A5F51E2B1AC86500359325 /* Assets.xcassets */ = {isa = PBXFileReference; lastKnownFileType = folder.assetcatalog; path = Assets.xcassets; sourceTree = "<group>"; };
		25A5F5212B1AC86500359325 /* Preview Assets.xcassets */ = {isa = PBXFileReference; lastKnownFileType = folder.assetcatalog; path = "Preview Assets.xcassets"; sourceTree = "<group>"; };
		25A5F5272B1AC86500359325 /* PartyExplorerTests.xctest */ = {isa = PBXFileReference; explicitFileType = wrapper.cfbundle; includeInIndex = 0; path = PartyExplorerTests.xctest; sourceTree = BUILT_PRODUCTS_DIR; };
		25A5F52B2B1AC86500359325 /* PartyExplorerTests.swift */ = {isa = PBXFileReference; lastKnownFileType = sourcecode.swift; path = PartyExplorerTests.swift; sourceTree = "<group>"; };
		25A5F5312B1AC86500359325 /* PartyExplorerUITests.xctest */ = {isa = PBXFileReference; explicitFileType = wrapper.cfbundle; includeInIndex = 0; path = PartyExplorerUITests.xctest; sourceTree = BUILT_PRODUCTS_DIR; };
		25A5F5352B1AC86500359325 /* PartyExplorerUITests.swift */ = {isa = PBXFileReference; lastKnownFileType = sourcecode.swift; path = PartyExplorerUITests.swift; sourceTree = "<group>"; };
		25A5F5372B1AC86500359325 /* PartyExplorerUITestsLaunchTests.swift */ = {isa = PBXFileReference; lastKnownFileType = sourcecode.swift; path = PartyExplorerUITestsLaunchTests.swift; sourceTree = "<group>"; };
		25A5F5482B1ACA0100359325 /* Party.swift */ = {isa = PBXFileReference; lastKnownFileType = sourcecode.swift; path = Party.swift; sourceTree = "<group>"; };
		25A5F54A2B1ACA8C00359325 /* PoppinViewModel.swift */ = {isa = PBXFileReference; lastKnownFileType = sourcecode.swift; path = PoppinViewModel.swift; sourceTree = "<group>"; };
		25A5F54C2B1ACF9600359325 /* PartyViewCard.swift */ = {isa = PBXFileReference; lastKnownFileType = sourcecode.swift; path = PartyViewCard.swift; sourceTree = "<group>"; };
		25A5F54E2B1AD0C100359325 /* PartyBannerView.swift */ = {isa = PBXFileReference; lastKnownFileType = sourcecode.swift; path = PartyBannerView.swift; sourceTree = "<group>"; };
		25C124872B1BB23800ECF818 /* README.md */ = {isa = PBXFileReference; lastKnownFileType = net.daringfireball.markdown; path = README.md; sourceTree = "<group>"; };
/* End PBXFileReference section */

/* Begin PBXFrameworksBuildPhase section */
		25A5F5142B1AC86300359325 /* Frameworks */ = {
			isa = PBXFrameworksBuildPhase;
			buildActionMask = 2147483647;
			files = (
			);
			runOnlyForDeploymentPostprocessing = 0;
		};
		25A5F5242B1AC86500359325 /* Frameworks */ = {
			isa = PBXFrameworksBuildPhase;
			buildActionMask = 2147483647;
			files = (
			);
			runOnlyForDeploymentPostprocessing = 0;
		};
		25A5F52E2B1AC86500359325 /* Frameworks */ = {
			isa = PBXFrameworksBuildPhase;
			buildActionMask = 2147483647;
			files = (
			);
			runOnlyForDeploymentPostprocessing = 0;
		};
/* End PBXFrameworksBuildPhase section */

/* Begin PBXGroup section */
		25A5F50E2B1AC86300359325 = {
			isa = PBXGroup;
			children = (
				25C124872B1BB23800ECF818 /* README.md */,
				25A5F5192B1AC86300359325 /* PartyExplorer */,
				25A5F52A2B1AC86500359325 /* PartyExplorerTests */,
				25A5F5342B1AC86500359325 /* PartyExplorerUITests */,
				25A5F5182B1AC86300359325 /* Products */,
			);
			sourceTree = "<group>";
		};
		25A5F5182B1AC86300359325 /* Products */ = {
			isa = PBXGroup;
			children = (
				25A5F5172B1AC86300359325 /* PartyExplorer.app */,
				25A5F5272B1AC86500359325 /* PartyExplorerTests.xctest */,
				25A5F5312B1AC86500359325 /* PartyExplorerUITests.xctest */,
			);
			name = Products;
			sourceTree = "<group>";
		};
		25A5F5192B1AC86300359325 /* PartyExplorer */ = {
			isa = PBXGroup;
			children = (
				25A5F5472B1AC8C200359325 /* ViewModel */,
				25A5F5452B1AC89A00359325 /* View */,
				25A5F5442B1AC89000359325 /* Model */,
				25A5F51A2B1AC86300359325 /* PartyExplorerApp.swift */,
				25A5F51C2B1AC86300359325 /* PoppinView.swift */,
				25A5F51E2B1AC86500359325 /* Assets.xcassets */,
				25A5F5202B1AC86500359325 /* Preview Content */,
			);
			path = PartyExplorer;
			sourceTree = "<group>";
		};
		25A5F5202B1AC86500359325 /* Preview Content */ = {
			isa = PBXGroup;
			children = (
				25A5F5212B1AC86500359325 /* Preview Assets.xcassets */,
			);
			path = "Preview Content";
			sourceTree = "<group>";
		};
		25A5F52A2B1AC86500359325 /* PartyExplorerTests */ = {
			isa = PBXGroup;
			children = (
				25A5F52B2B1AC86500359325 /* PartyExplorerTests.swift */,
			);
			path = PartyExplorerTests;
			sourceTree = "<group>";
		};
		25A5F5342B1AC86500359325 /* PartyExplorerUITests */ = {
			isa = PBXGroup;
			children = (
				25A5F5352B1AC86500359325 /* PartyExplorerUITests.swift */,
				25A5F5372B1AC86500359325 /* PartyExplorerUITestsLaunchTests.swift */,
			);
			path = PartyExplorerUITests;
			sourceTree = "<group>";
		};
		25A5F5442B1AC89000359325 /* Model */ = {
			isa = PBXGroup;
			children = (
				25A5F5482B1ACA0100359325 /* Party.swift */,
			);
			path = Model;
			sourceTree = "<group>";
		};
		25A5F5452B1AC89A00359325 /* View */ = {
			isa = PBXGroup;
			children = (
				25A5F54C2B1ACF9600359325 /* PartyViewCard.swift */,
				25A5F54E2B1AD0C100359325 /* PartyBannerView.swift */,
			);
			path = View;
			sourceTree = "<group>";
		};
		25A5F5472B1AC8C200359325 /* ViewModel */ = {
			isa = PBXGroup;
			children = (
				25A5F54A2B1ACA8C00359325 /* PoppinViewModel.swift */,
			);
			path = ViewModel;
			sourceTree = "<group>";
		};
/* End PBXGroup section */

/* Begin PBXNativeTarget section */
		25A5F5162B1AC86300359325 /* PartyExplorer */ = {
			isa = PBXNativeTarget;
			buildConfigurationList = 25A5F53B2B1AC86500359325 /* Build configuration list for PBXNativeTarget "PartyExplorer" */;
			buildPhases = (
				25A5F5132B1AC86300359325 /* Sources */,
				25A5F5142B1AC86300359325 /* Frameworks */,
				25A5F5152B1AC86300359325 /* Resources */,
			);
			buildRules = (
			);
			dependencies = (
			);
			name = PartyExplorer;
			productName = PartyExplorer;
			productReference = 25A5F5172B1AC86300359325 /* PartyExplorer.app */;
			productType = "com.apple.product-type.application";
		};
		25A5F5262B1AC86500359325 /* PartyExplorerTests */ = {
			isa = PBXNativeTarget;
			buildConfigurationList = 25A5F53E2B1AC86500359325 /* Build configuration list for PBXNativeTarget "PartyExplorerTests" */;
			buildPhases = (
				25A5F5232B1AC86500359325 /* Sources */,
				25A5F5242B1AC86500359325 /* Frameworks */,
				25A5F5252B1AC86500359325 /* Resources */,
			);
			buildRules = (
			);
			dependencies = (
				25A5F5292B1AC86500359325 /* PBXTargetDependency */,
			);
			name = PartyExplorerTests;
			productName = PartyExplorerTests;
			productReference = 25A5F5272B1AC86500359325 /* PartyExplorerTests.xctest */;
			productType = "com.apple.product-type.bundle.unit-test";
		};
		25A5F5302B1AC86500359325 /* PartyExplorerUITests */ = {
			isa = PBXNativeTarget;
			buildConfigurationList = 25A5F5412B1AC86500359325 /* Build configuration list for PBXNativeTarget "PartyExplorerUITests" */;
			buildPhases = (
				25A5F52D2B1AC86500359325 /* Sources */,
				25A5F52E2B1AC86500359325 /* Frameworks */,
				25A5F52F2B1AC86500359325 /* Resources */,
			);
			buildRules = (
			);
			dependencies = (
				25A5F5332B1AC86500359325 /* PBXTargetDependency */,
			);
			name = PartyExplorerUITests;
			productName = PartyExplorerUITests;
			productReference = 25A5F5312B1AC86500359325 /* PartyExplorerUITests.xctest */;
			productType = "com.apple.product-type.bundle.ui-testing";
		};
/* End PBXNativeTarget section */

/* Begin PBXProject section */
		25A5F50F2B1AC86300359325 /* Project object */ = {
			isa = PBXProject;
			attributes = {
				BuildIndependentTargetsInParallel = 1;
				LastSwiftUpdateCheck = 1500;
				LastUpgradeCheck = 1500;
				TargetAttributes = {
					25A5F5162B1AC86300359325 = {
						CreatedOnToolsVersion = 15.0.1;
					};
					25A5F5262B1AC86500359325 = {
						CreatedOnToolsVersion = 15.0.1;
						TestTargetID = 25A5F5162B1AC86300359325;
					};
					25A5F5302B1AC86500359325 = {
						CreatedOnToolsVersion = 15.0.1;
						TestTargetID = 25A5F5162B1AC86300359325;
					};
				};
			};
			buildConfigurationList = 25A5F5122B1AC86300359325 /* Build configuration list for PBXProject "PartyExplorer" */;
			compatibilityVersion = "Xcode 14.0";
			developmentRegion = en;
			hasScannedForEncodings = 0;
			knownRegions = (
				en,
				Base,
			);
			mainGroup = 25A5F50E2B1AC86300359325;
			productRefGroup = 25A5F5182B1AC86300359325 /* Products */;
			projectDirPath = "";
			projectRoot = "";
			targets = (
				25A5F5162B1AC86300359325 /* PartyExplorer */,
				25A5F5262B1AC86500359325 /* PartyExplorerTests */,
				25A5F5302B1AC86500359325 /* PartyExplorerUITests */,
			);
		};
/* End PBXProject section */

/* Begin PBXResourcesBuildPhase section */
		25A5F5152B1AC86300359325 /* Resources */ = {
			isa = PBXResourcesBuildPhase;
			buildActionMask = 2147483647;
			files = (
				25A5F5222B1AC86500359325 /* Preview Assets.xcassets in Resources */,
				25A5F51F2B1AC86500359325 /* Assets.xcassets in Resources */,
			);
			runOnlyForDeploymentPostprocessing = 0;
		};
		25A5F5252B1AC86500359325 /* Resources */ = {
			isa = PBXResourcesBuildPhase;
			buildActionMask = 2147483647;
			files = (
			);
			runOnlyForDeploymentPostprocessing = 0;
		};
		25A5F52F2B1AC86500359325 /* Resources */ = {
			isa = PBXResourcesBuildPhase;
			buildActionMask = 2147483647;
			files = (
			);
			runOnlyForDeploymentPostprocessing = 0;
		};
/* End PBXResourcesBuildPhase section */

/* Begin PBXSourcesBuildPhase section */
		25A5F5132B1AC86300359325 /* Sources */ = {
			isa = PBXSourcesBuildPhase;
			buildActionMask = 2147483647;
			files = (
				25A5F54D2B1ACF9600359325 /* PartyViewCard.swift in Sources */,
				25A5F51D2B1AC86300359325 /* PoppinView.swift in Sources */,
				25A5F5492B1ACA0100359325 /* Party.swift in Sources */,
				25A5F54F2B1AD0C100359325 /* PartyBannerView.swift in Sources */,
				25A5F54B2B1ACA8C00359325 /* PoppinViewModel.swift in Sources */,
				25A5F51B2B1AC86300359325 /* PartyExplorerApp.swift in Sources */,
			);
			runOnlyForDeploymentPostprocessing = 0;
		};
		25A5F5232B1AC86500359325 /* Sources */ = {
			isa = PBXSourcesBuildPhase;
			buildActionMask = 2147483647;
			files = (
				25A5F52C2B1AC86500359325 /* PartyExplorerTests.swift in Sources */,
			);
			runOnlyForDeploymentPostprocessing = 0;
		};
		25A5F52D2B1AC86500359325 /* Sources */ = {
			isa = PBXSourcesBuildPhase;
			buildActionMask = 2147483647;
			files = (
				25A5F5382B1AC86500359325 /* PartyExplorerUITestsLaunchTests.swift in Sources */,
				25A5F5362B1AC86500359325 /* PartyExplorerUITests.swift in Sources */,
			);
			runOnlyForDeploymentPostprocessing = 0;
		};
/* End PBXSourcesBuildPhase section */

/* Begin PBXTargetDependency section */
		25A5F5292B1AC86500359325 /* PBXTargetDependency */ = {
			isa = PBXTargetDependency;
			target = 25A5F5162B1AC86300359325 /* PartyExplorer */;
			targetProxy = 25A5F5282B1AC86500359325 /* PBXContainerItemProxy */;
		};
		25A5F5332B1AC86500359325 /* PBXTargetDependency */ = {
			isa = PBXTargetDependency;
			target = 25A5F5162B1AC86300359325 /* PartyExplorer */;
			targetProxy = 25A5F5322B1AC86500359325 /* PBXContainerItemProxy */;
		};
/* End PBXTargetDependency section */

/* Begin XCBuildConfiguration section */
		25A5F5392B1AC86500359325 /* Debug */ = {
			isa = XCBuildConfiguration;
			buildSettings = {
				ALWAYS_SEARCH_USER_PATHS = NO;
				ASSETCATALOG_COMPILER_GENERATE_SWIFT_ASSET_SYMBOL_EXTENSIONS = YES;
				CLANG_ANALYZER_NONNULL = YES;
				CLANG_ANALYZER_NUMBER_OBJECT_CONVERSION = YES_AGGRESSIVE;
				CLANG_CXX_LANGUAGE_STANDARD = "gnu++20";
				CLANG_ENABLE_MODULES = YES;
				CLANG_ENABLE_OBJC_ARC = YES;
				CLANG_ENABLE_OBJC_WEAK = YES;
				CLANG_WARN_BLOCK_CAPTURE_AUTORELEASING = YES;
				CLANG_WARN_BOOL_CONVERSION = YES;
				CLANG_WARN_COMMA = YES;
				CLANG_WARN_CONSTANT_CONVERSION = YES;
				CLANG_WARN_DEPRECATED_OBJC_IMPLEMENTATIONS = YES;
				CLANG_WARN_DIRECT_OBJC_ISA_USAGE = YES_ERROR;
				CLANG_WARN_DOCUMENTATION_COMMENTS = YES;
				CLANG_WARN_EMPTY_BODY = YES;
				CLANG_WARN_ENUM_CONVERSION = YES;
				CLANG_WARN_INFINITE_RECURSION = YES;
				CLANG_WARN_INT_CONVERSION = YES;
				CLANG_WARN_NON_LITERAL_NULL_CONVERSION = YES;
				CLANG_WARN_OBJC_IMPLICIT_RETAIN_SELF = YES;
				CLANG_WARN_OBJC_LITERAL_CONVERSION = YES;
				CLANG_WARN_OBJC_ROOT_CLASS = YES_ERROR;
				CLANG_WARN_QUOTED_INCLUDE_IN_FRAMEWORK_HEADER = YES;
				CLANG_WARN_RANGE_LOOP_ANALYSIS = YES;
				CLANG_WARN_STRICT_PROTOTYPES = YES;
				CLANG_WARN_SUSPICIOUS_MOVE = YES;
				CLANG_WARN_UNGUARDED_AVAILABILITY = YES_AGGRESSIVE;
				CLANG_WARN_UNREACHABLE_CODE = YES;
				CLANG_WARN__DUPLICATE_METHOD_MATCH = YES;
				COPY_PHASE_STRIP = NO;
				DEBUG_INFORMATION_FORMAT = dwarf;
				ENABLE_STRICT_OBJC_MSGSEND = YES;
				ENABLE_TESTABILITY = YES;
				ENABLE_USER_SCRIPT_SANDBOXING = YES;
				GCC_C_LANGUAGE_STANDARD = gnu17;
				GCC_DYNAMIC_NO_PIC = NO;
				GCC_NO_COMMON_BLOCKS = YES;
				GCC_OPTIMIZATION_LEVEL = 0;
				GCC_PREPROCESSOR_DEFINITIONS = (
					"DEBUG=1",
					"$(inherited)",
				);
				GCC_WARN_64_TO_32_BIT_CONVERSION = YES;
				GCC_WARN_ABOUT_RETURN_TYPE = YES_ERROR;
				GCC_WARN_UNDECLARED_SELECTOR = YES;
				GCC_WARN_UNINITIALIZED_AUTOS = YES_AGGRESSIVE;
				GCC_WARN_UNUSED_FUNCTION = YES;
				GCC_WARN_UNUSED_VARIABLE = YES;
				IPHONEOS_DEPLOYMENT_TARGET = 17.0;
				LOCALIZATION_PREFERS_STRING_CATALOGS = YES;
				MTL_ENABLE_DEBUG_INFO = INCLUDE_SOURCE;
				MTL_FAST_MATH = YES;
				ONLY_ACTIVE_ARCH = YES;
				SDKROOT = iphoneos;
				SWIFT_ACTIVE_COMPILATION_CONDITIONS = "DEBUG $(inherited)";
				SWIFT_OPTIMIZATION_LEVEL = "-Onone";
			};
			name = Debug;
		};
		25A5F53A2B1AC86500359325 /* Release */ = {
			isa = XCBuildConfiguration;
			buildSettings = {
				ALWAYS_SEARCH_USER_PATHS = NO;
				ASSETCATALOG_COMPILER_GENERATE_SWIFT_ASSET_SYMBOL_EXTENSIONS = YES;
				CLANG_ANALYZER_NONNULL = YES;
				CLANG_ANALYZER_NUMBER_OBJECT_CONVERSION = YES_AGGRESSIVE;
				CLANG_CXX_LANGUAGE_STANDARD = "gnu++20";
				CLANG_ENABLE_MODULES = YES;
				CLANG_ENABLE_OBJC_ARC = YES;
				CLANG_ENABLE_OBJC_WEAK = YES;
				CLANG_WARN_BLOCK_CAPTURE_AUTORELEASING = YES;
				CLANG_WARN_BOOL_CONVERSION = YES;
				CLANG_WARN_COMMA = YES;
				CLANG_WARN_CONSTANT_CONVERSION = YES;
				CLANG_WARN_DEPRECATED_OBJC_IMPLEMENTATIONS = YES;
				CLANG_WARN_DIRECT_OBJC_ISA_USAGE = YES_ERROR;
				CLANG_WARN_DOCUMENTATION_COMMENTS = YES;
				CLANG_WARN_EMPTY_BODY = YES;
				CLANG_WARN_ENUM_CONVERSION = YES;
				CLANG_WARN_INFINITE_RECURSION = YES;
				CLANG_WARN_INT_CONVERSION = YES;
				CLANG_WARN_NON_LITERAL_NULL_CONVERSION = YES;
				CLANG_WARN_OBJC_IMPLICIT_RETAIN_SELF = YES;
				CLANG_WARN_OBJC_LITERAL_CONVERSION = YES;
				CLANG_WARN_OBJC_ROOT_CLASS = YES_ERROR;
				CLANG_WARN_QUOTED_INCLUDE_IN_FRAMEWORK_HEADER = YES;
				CLANG_WARN_RANGE_LOOP_ANALYSIS = YES;
				CLANG_WARN_STRICT_PROTOTYPES = YES;
				CLANG_WARN_SUSPICIOUS_MOVE = YES;
				CLANG_WARN_UNGUARDED_AVAILABILITY = YES_AGGRESSIVE;
				CLANG_WARN_UNREACHABLE_CODE = YES;
				CLANG_WARN__DUPLICATE_METHOD_MATCH = YES;
				COPY_PHASE_STRIP = NO;
				DEBUG_INFORMATION_FORMAT = "dwarf-with-dsym";
				ENABLE_NS_ASSERTIONS = NO;
				ENABLE_STRICT_OBJC_MSGSEND = YES;
				ENABLE_USER_SCRIPT_SANDBOXING = YES;
				GCC_C_LANGUAGE_STANDARD = gnu17;
				GCC_NO_COMMON_BLOCKS = YES;
				GCC_WARN_64_TO_32_BIT_CONVERSION = YES;
				GCC_WARN_ABOUT_RETURN_TYPE = YES_ERROR;
				GCC_WARN_UNDECLARED_SELECTOR = YES;
				GCC_WARN_UNINITIALIZED_AUTOS = YES_AGGRESSIVE;
				GCC_WARN_UNUSED_FUNCTION = YES;
				GCC_WARN_UNUSED_VARIABLE = YES;
				IPHONEOS_DEPLOYMENT_TARGET = 17.0;
				LOCALIZATION_PREFERS_STRING_CATALOGS = YES;
				MTL_ENABLE_DEBUG_INFO = NO;
				MTL_FAST_MATH = YES;
				SDKROOT = iphoneos;
				SWIFT_COMPILATION_MODE = wholemodule;
				VALIDATE_PRODUCT = YES;
			};
			name = Release;
		};
		25A5F53C2B1AC86500359325 /* Debug */ = {
			isa = XCBuildConfiguration;
			buildSettings = {
				ASSETCATALOG_COMPILER_APPICON_NAME = AppIcon;
				ASSETCATALOG_COMPILER_GLOBAL_ACCENT_COLOR_NAME = AccentColor;
				CODE_SIGN_STYLE = Automatic;
				CURRENT_PROJECT_VERSION = 1;
				DEVELOPMENT_ASSET_PATHS = "\"PartyExplorer/Preview Content\"";
				ENABLE_PREVIEWS = YES;
				GENERATE_INFOPLIST_FILE = YES;
				INFOPLIST_KEY_UIApplicationSceneManifest_Generation = YES;
				INFOPLIST_KEY_UIApplicationSupportsIndirectInputEvents = YES;
				INFOPLIST_KEY_UILaunchScreen_Generation = YES;
				INFOPLIST_KEY_UISupportedInterfaceOrientations_iPad = "UIInterfaceOrientationPortrait UIInterfaceOrientationPortraitUpsideDown UIInterfaceOrientationLandscapeLeft UIInterfaceOrientationLandscapeRight";
				INFOPLIST_KEY_UISupportedInterfaceOrientations_iPhone = "UIInterfaceOrientationPortrait UIInterfaceOrientationLandscapeLeft UIInterfaceOrientationLandscapeRight";
				LD_RUNPATH_SEARCH_PATHS = (
					"$(inherited)",
					"@executable_path/Frameworks",
				);
				MARKETING_VERSION = 1.0;
				PRODUCT_BUNDLE_IDENTIFIER = com.vineethkanaparthi.PartyExplorer;
				PRODUCT_NAME = "$(TARGET_NAME)";
				SWIFT_EMIT_LOC_STRINGS = YES;
				SWIFT_VERSION = 5.0;
				TARGETED_DEVICE_FAMILY = "1,2";
			};
			name = Debug;
		};
		25A5F53D2B1AC86500359325 /* Release */ = {
			isa = XCBuildConfiguration;
			buildSettings = {
				ASSETCATALOG_COMPILER_APPICON_NAME = AppIcon;
				ASSETCATALOG_COMPILER_GLOBAL_ACCENT_COLOR_NAME = AccentColor;
				CODE_SIGN_STYLE = Automatic;
				CURRENT_PROJECT_VERSION = 1;
				DEVELOPMENT_ASSET_PATHS = "\"PartyExplorer/Preview Content\"";
				ENABLE_PREVIEWS = YES;
				GENERATE_INFOPLIST_FILE = YES;
				INFOPLIST_KEY_UIApplicationSceneManifest_Generation = YES;
				INFOPLIST_KEY_UIApplicationSupportsIndirectInputEvents = YES;
				INFOPLIST_KEY_UILaunchScreen_Generation = YES;
				INFOPLIST_KEY_UISupportedInterfaceOrientations_iPad = "UIInterfaceOrientationPortrait UIInterfaceOrientationPortraitUpsideDown UIInterfaceOrientationLandscapeLeft UIInterfaceOrientationLandscapeRight";
				INFOPLIST_KEY_UISupportedInterfaceOrientations_iPhone = "UIInterfaceOrientationPortrait UIInterfaceOrientationLandscapeLeft UIInterfaceOrientationLandscapeRight";
				LD_RUNPATH_SEARCH_PATHS = (
					"$(inherited)",
					"@executable_path/Frameworks",
				);
				MARKETING_VERSION = 1.0;
				PRODUCT_BUNDLE_IDENTIFIER = com.vineethkanaparthi.PartyExplorer;
				PRODUCT_NAME = "$(TARGET_NAME)";
				SWIFT_EMIT_LOC_STRINGS = YES;
				SWIFT_VERSION = 5.0;
				TARGETED_DEVICE_FAMILY = "1,2";
			};
			name = Release;
		};
		25A5F53F2B1AC86500359325 /* Debug */ = {
			isa = XCBuildConfiguration;
			buildSettings = {
				ALWAYS_EMBED_SWIFT_STANDARD_LIBRARIES = YES;
				BUNDLE_LOADER = "$(TEST_HOST)";
				CODE_SIGN_STYLE = Automatic;
				CURRENT_PROJECT_VERSION = 1;
				GENERATE_INFOPLIST_FILE = YES;
				IPHONEOS_DEPLOYMENT_TARGET = 17.0;
				MARKETING_VERSION = 1.0;
				PRODUCT_BUNDLE_IDENTIFIER = com.vineethkanaparthi.PartyExplorerTests;
				PRODUCT_NAME = "$(TARGET_NAME)";
				SWIFT_EMIT_LOC_STRINGS = NO;
				SWIFT_VERSION = 5.0;
				TARGETED_DEVICE_FAMILY = "1,2";
				TEST_HOST = "$(BUILT_PRODUCTS_DIR)/PartyExplorer.app/$(BUNDLE_EXECUTABLE_FOLDER_PATH)/PartyExplorer";
			};
			name = Debug;
		};
		25A5F5402B1AC86500359325 /* Release */ = {
			isa = XCBuildConfiguration;
			buildSettings = {
				ALWAYS_EMBED_SWIFT_STANDARD_LIBRARIES = YES;
				BUNDLE_LOADER = "$(TEST_HOST)";
				CODE_SIGN_STYLE = Automatic;
				CURRENT_PROJECT_VERSION = 1;
				GENERATE_INFOPLIST_FILE = YES;
				IPHONEOS_DEPLOYMENT_TARGET = 17.0;
				MARKETING_VERSION = 1.0;
				PRODUCT_BUNDLE_IDENTIFIER = com.vineethkanaparthi.PartyExplorerTests;
				PRODUCT_NAME = "$(TARGET_NAME)";
				SWIFT_EMIT_LOC_STRINGS = NO;
				SWIFT_VERSION = 5.0;
				TARGETED_DEVICE_FAMILY = "1,2";
				TEST_HOST = "$(BUILT_PRODUCTS_DIR)/PartyExplorer.app/$(BUNDLE_EXECUTABLE_FOLDER_PATH)/PartyExplorer";
			};
			name = Release;
		};
		25A5F5422B1AC86500359325 /* Debug */ = {
			isa = XCBuildConfiguration;
			buildSettings = {
				ALWAYS_EMBED_SWIFT_STANDARD_LIBRARIES = YES;
				CODE_SIGN_STYLE = Automatic;
				CURRENT_PROJECT_VERSION = 1;
				GENERATE_INFOPLIST_FILE = YES;
				MARKETING_VERSION = 1.0;
				PRODUCT_BUNDLE_IDENTIFIER = com.vineethkanaparthi.PartyExplorerUITests;
				PRODUCT_NAME = "$(TARGET_NAME)";
				SWIFT_EMIT_LOC_STRINGS = NO;
				SWIFT_VERSION = 5.0;
				TARGETED_DEVICE_FAMILY = "1,2";
				TEST_TARGET_NAME = PartyExplorer;
			};
			name = Debug;
		};
		25A5F5432B1AC86500359325 /* Release */ = {
			isa = XCBuildConfiguration;
			buildSettings = {
				ALWAYS_EMBED_SWIFT_STANDARD_LIBRARIES = YES;
				CODE_SIGN_STYLE = Automatic;
				CURRENT_PROJECT_VERSION = 1;
				GENERATE_INFOPLIST_FILE = YES;
				MARKETING_VERSION = 1.0;
				PRODUCT_BUNDLE_IDENTIFIER = com.vineethkanaparthi.PartyExplorerUITests;
				PRODUCT_NAME = "$(TARGET_NAME)";
				SWIFT_EMIT_LOC_STRINGS = NO;
				SWIFT_VERSION = 5.0;
				TARGETED_DEVICE_FAMILY = "1,2";
				TEST_TARGET_NAME = PartyExplorer;
			};
			name = Release;
		};
/* End XCBuildConfiguration section */

/* Begin XCConfigurationList section */
		25A5F5122B1AC86300359325 /* Build configuration list for PBXProject "PartyExplorer" */ = {
			isa = XCConfigurationList;
			buildConfigurations = (
				25A5F5392B1AC86500359325 /* Debug */,
				25A5F53A2B1AC86500359325 /* Release */,
			);
			defaultConfigurationIsVisible = 0;
			defaultConfigurationName = Release;
		};
		25A5F53B2B1AC86500359325 /* Build configuration list for PBXNativeTarget "PartyExplorer" */ = {
			isa = XCConfigurationList;
			buildConfigurations = (
				25A5F53C2B1AC86500359325 /* Debug */,
				25A5F53D2B1AC86500359325 /* Release */,
			);
			defaultConfigurationIsVisible = 0;
			defaultConfigurationName = Release;
		};
		25A5F53E2B1AC86500359325 /* Build configuration list for PBXNativeTarget "PartyExplorerTests" */ = {
			isa = XCConfigurationList;
			buildConfigurations = (
				25A5F53F2B1AC86500359325 /* Debug */,
				25A5F5402B1AC86500359325 /* Release */,
			);
			defaultConfigurationIsVisible = 0;
			defaultConfigurationName = Release;
		};
		25A5F5412B1AC86500359325 /* Build configuration list for PBXNativeTarget "PartyExplorerUITests" */ = {
			isa = XCConfigurationList;
			buildConfigurations = (
				25A5F5422B1AC86500359325 /* Debug */,
				25A5F5432B1AC86500359325 /* Release */,
			);
			defaultConfigurationIsVisible = 0;
			defaultConfigurationName = Release;
		};
/* End XCConfigurationList section */
	};
	rootObject = 25A5F50F2B1AC86300359325 /* Project object */;
}
